
Microsoft Visual Studio Solution File, Format Version 12.00
Project("{FAE04EC0-301F-11D3-BF4B-00C04F79EFBC}") = "LiveUtils", "src\LiveUtils\LiveUtils.csproj", "{4AF5E5C5-44C5-41CD-80BB-B719189A1463}"
EndProject
Project("{FAE04EC0-301F-11D3-BF4B-00C04F79EFBC}") = "LiveUtils.Tests", "test\LiveUtils.Tests\LiveUtils.Tests.csproj", "{55A049C9-E0BE-4989-8EA5-E624211D3D65}"
EndProject
Project("{2150E333-8FDC-42A3-9474-1A3956D46DE8}") = "src", "src", "{C196104D-AD67-423A-8F54-F9ACDF4D41EA}"
EndProject
Project("{2150E333-8FDC-42A3-9474-1A3956D46DE8}") = "test", "test", "{8653B604-A26A-4E8C-9ED6-9A0DCA99A0E6}"
EndProject
Global
	GlobalSection(SolutionConfigurationPlatforms) = preSolution
		Debug|Any CPU = Debug|Any CPU
		Release|Any CPU = Release|Any CPU
	EndGlobalSection
	GlobalSection(ProjectConfigurationPlatforms) = postSolution
		{4AF5E5C5-44C5-41CD-80BB-B719189A1463}.Debug|Any CPU.ActiveCfg = Debug|Any CPU
		{4AF5E5C5-44C5-41CD-80BB-B719189A1463}.Debug|Any CPU.Build.0 = Debug|Any CPU
		{4AF5E5C5-44C5-41CD-80BB-B719189A1463}.Release|Any CPU.ActiveCfg = Release|Any CPU
		{4AF5E5C5-44C5-41CD-80BB-B719189A1463}.Release|Any CPU.Build.0 = Release|Any CPU
		{55A049C9-E0BE-4989-8EA5-E624211D3D65}.Debug|Any CPU.ActiveCfg = Debug|Any CPU
		{55A049C9-E0BE-4989-8EA5-E624211D3D65}.Debug|Any CPU.Build.0 = Debug|Any CPU
		{55A049C9-E0BE-4989-8EA5-E624211D3D65}.Release|Any CPU.ActiveCfg = Release|Any CPU
		{55A049C9-E0BE-4989-8EA5-E624211D3D65}.Release|Any CPU.Build.0 = Release|Any CPU
	EndGlobalSection
	GlobalSection(NestedProjects) = preSolution
		{4AF5E5C5-44C5-41CD-80BB-B719189A1463} = {C196104D-AD67-423A-8F54-F9ACDF4D41EA}
		{55A049C9-E0BE-4989-8EA5-E624211D3D65} = {8653B604-A26A-4E8C-9ED6-9A0DCA99A0E6}
	EndGlobalSection
EndGlobal
